Microsoft Visual Studio Solution File, Format Version 12.00
# Visual Studio 2012
Project("{FAE04EC0-301F-11D3-BF4B-00C04F79EFBC}") = "grass-game", "grass-game.csproj", "{AF14CDC3-7C66-4E54-9AFD-59C6BF1A8935}"
EndProject
Global
	GlobalSection(SolutionConfigurationPlatforms) = preSolution
	Debug|Any CPU = Debug|Any CPU
	ExportDebug|Any CPU = ExportDebug|Any CPU
	ExportRelease|Any CPU = ExportRelease|Any CPU
	EndGlobalSection
	GlobalSection(ProjectConfigurationPlatforms) = postSolution
		{AF14CDC3-7C66-4E54-9AFD-59C6BF1A8935}.Debug|Any CPU.ActiveCfg = Debug|Any CPU
		{AF14CDC3-7C66-4E54-9AFD-59C6BF1A8935}.Debug|Any CPU.Build.0 = Debug|Any CPU
		{AF14CDC3-7C66-4E54-9AFD-59C6BF1A8935}.ExportDebug|Any CPU.ActiveCfg = ExportDebug|Any CPU
		{AF14CDC3-7C66-4E54-9AFD-59C6BF1A8935}.ExportDebug|Any CPU.Build.0 = ExportDebug|Any CPU
		{AF14CDC3-7C66-4E54-9AFD-59C6BF1A8935}.ExportRelease|Any CPU.ActiveCfg = ExportRelease|Any CPU
		{AF14CDC3-7C66-4E54-9AFD-59C6BF1A8935}.ExportRelease|Any CPU.Build.0 = ExportRelease|Any CPU
	EndGlobalSection
EndGlobal
